
Microsoft Visual Studio Solution File, Format Version 12.00
# Visual Studio 15
VisualStudioVersion = 15.0.28307.645
MinimumVisualStudioVersion = 10.0.40219.1
Project("{FAE04EC0-301F-11D3-BF4B-00C04F79EFBC}") = "ShoeBackOffice", "ShoeBackOffice\ShoeBackOffice.csproj", "{49B1AC03-C568-461C-902A-26A7BBF65350}"
EndProject
Project("{E24C65DC-7377-472B-9ABA-BC803B73C61A}") = "ShoeFrontOffice", "ShoeFrontOffice\", "{8299A96A-919A-4A3C-944E-7D4CE96A8276}"
	ProjectSection(WebsiteProperties) = preProject
		TargetFrameworkMoniker = ".NETFramework,Version%3Dv4.6.1"
		ProjectReferences = "{73f12f87-0ec0-4366-8b7a-88f57e2f1b9c}|ShoeClasses.dll;"
		Debug.AspNetCompiler.VirtualPath = "/localhost_51768"
		Debug.AspNetCompiler.PhysicalPath = "ShoeFrontOffice\"
		Debug.AspNetCompiler.TargetPath = "PrecompiledWeb\localhost_51768\"
		Debug.AspNetCompiler.Updateable = "true"
		Debug.AspNetCompiler.ForceOverwrite = "true"
		Debug.AspNetCompiler.FixedNames = "false"
		Debug.AspNetCompiler.Debug = "True"
		Release.AspNetCompiler.VirtualPath = "/localhost_51768"
		Release.AspNetCompiler.PhysicalPath = "ShoeFrontOffice\"
		Release.AspNetCompiler.TargetPath = "PrecompiledWeb\localhost_51768\"
		Release.AspNetCompiler.Updateable = "true"
		Release.AspNetCompiler.ForceOverwrite = "true"
		Release.AspNetCompiler.FixedNames = "false"
		Release.AspNetCompiler.Debug = "False"
		VWDPort = "51768"
		SlnRelativePath = "ShoeFrontOffice\"
		DefaultWebSiteLanguage = "Visual C#"
	EndProjectSection
EndProject
Project("{FAE04EC0-301F-11D3-BF4B-00C04F79EFBC}") = "ShoeClasses", "ShoeClasses\ShoeClasses.csproj", "{73F12F87-0EC0-4366-8B7A-88F57E2F1B9C}"
EndProject
Project("{FAE04EC0-301F-11D3-BF4B-00C04F79EFBC}") = "Shoe Testing", "Shoe Testing\Shoe Testing.csproj", "{427176F7-1794-4537-B6BA-6BA4BA1A1ED7}"
EndProject
Global
	GlobalSection(SolutionConfigurationPlatforms) = preSolution
		Debug|Any CPU = Debug|Any CPU
		Release|Any CPU = Release|Any CPU
	EndGlobalSection
	GlobalSection(ProjectConfigurationPlatforms) = postSolution
		{49B1AC03-C568-461C-902A-26A7BBF65350}.Debug|Any CPU.ActiveCfg = Debug|Any CPU
		{49B1AC03-C568-461C-902A-26A7BBF65350}.Debug|Any CPU.Build.0 = Debug|Any CPU
		{49B1AC03-C568-461C-902A-26A7BBF65350}.Release|Any CPU.ActiveCfg = Release|Any CPU
		{49B1AC03-C568-461C-902A-26A7BBF65350}.Release|Any CPU.Build.0 = Release|Any CPU
		{8299A96A-919A-4A3C-944E-7D4CE96A8276}.Debug|Any CPU.ActiveCfg = Debug|Any CPU
		{8299A96A-919A-4A3C-944E-7D4CE96A8276}.Debug|Any CPU.Build.0 = Debug|Any CPU
		{8299A96A-919A-4A3C-944E-7D4CE96A8276}.Release|Any CPU.ActiveCfg = Debug|Any CPU
		{8299A96A-919A-4A3C-944E-7D4CE96A8276}.Release|Any CPU.Build.0 = Debug|Any CPU
		{73F12F87-0EC0-4366-8B7A-88F57E2F1B9C}.Debug|Any CPU.ActiveCfg = Debug|Any CPU
		{73F12F87-0EC0-4366-8B7A-88F57E2F1B9C}.Debug|Any CPU.Build.0 = Debug|Any CPU
		{73F12F87-0EC0-4366-8B7A-88F57E2F1B9C}.Release|Any CPU.ActiveCfg = Release|Any CPU
		{73F12F87-0EC0-4366-8B7A-88F57E2F1B9C}.Release|Any CPU.Build.0 = Release|Any CPU
		{427176F7-1794-4537-B6BA-6BA4BA1A1ED7}.Debug|Any CPU.ActiveCfg = Debug|Any CPU
		{427176F7-1794-4537-B6BA-6BA4BA1A1ED7}.Debug|Any CPU.Build.0 = Debug|Any CPU
		{427176F7-1794-4537-B6BA-6BA4BA1A1ED7}.Release|Any CPU.ActiveCfg = Release|Any CPU
		{427176F7-1794-4537-B6BA-6BA4BA1A1ED7}.Release|Any CPU.Build.0 = Release|Any CPU
	EndGlobalSection
	GlobalSection(SolutionProperties) = preSolution
		HideSolutionNode = FALSE
	EndGlobalSection
	GlobalSection(ExtensibilityGlobals) = postSolution
		SolutionGuid = {426FCD1E-7343-467B-9DCE-05987B24E6B7}
	EndGlobalSection
EndGlobal
